// !$*UTF8*$!
{
	archiveVersion = 1;
	classes = {
	};
	objectVersion = 55;
	objects = {

/* Begin PBXBuildFile section */
		37712E1C28BC93EA00B9BDD4 /* RectangleCard.swift in Sources */ = {isa = PBXBuildFile; fileRef = 37712E1B28BC93EA00B9BDD4 /* RectangleCard.swift */; };
		37712E1E28BC98DE00B9BDD4 /* QuoteModel.swift in Sources */ = {isa = PBXBuildFile; fileRef = 37712E1D28BC98DE00B9BDD4 /* QuoteModel.swift */; };
		37712E2028BCC2BE00B9BDD4 /* GetStartedView.swift in Sources */ = {isa = PBXBuildFile; fileRef = 37712E1F28BCC2BE00B9BDD4 /* GetStartedView.swift */; };
		37712E2228BDD74600B9BDD4 /* MenuView.swift in Sources */ = {isa = PBXBuildFile; fileRef = 37712E2128BDD74600B9BDD4 /* MenuView.swift */; };
		37712E2428BDD7D000B9BDD4 /* BackgroundBlur.swift in Sources */ = {isa = PBXBuildFile; fileRef = 37712E2328BDD7D000B9BDD4 /* BackgroundBlur.swift */; };
		37712E2628BDE38F00B9BDD4 /* CalendarView.swift in Sources */ = {isa = PBXBuildFile; fileRef = 37712E2528BDE38F00B9BDD4 /* CalendarView.swift */; };
		37712E2828BDE39B00B9BDD4 /* TaskManagerView.swift in Sources */ = {isa = PBXBuildFile; fileRef = 37712E2728BDE39B00B9BDD4 /* TaskManagerView.swift */; };
		37712E2A28BDE3A600B9BDD4 /* ReminderManagerView.swift in Sources */ = {isa = PBXBuildFile; fileRef = 37712E2928BDE3A600B9BDD4 /* ReminderManagerView.swift */; };
		37712E2C28BDE3B400B9BDD4 /* NotesManagerView.swift in Sources */ = {isa = PBXBuildFile; fileRef = 37712E2B28BDE3B400B9BDD4 /* NotesManagerView.swift */; };
		37712E3028BDE59300B9BDD4 /* DiscoveryView.swift in Sources */ = {isa = PBXBuildFile; fileRef = 37712E2F28BDE59300B9BDD4 /* DiscoveryView.swift */; };
		37712E3228BF798C00B9BDD4 /* CalendarMonthView.swift in Sources */ = {isa = PBXBuildFile; fileRef = 37712E3128BF798C00B9BDD4 /* CalendarMonthView.swift */; };
		37712E3428BF79A200B9BDD4 /* CalendarDayView.swift in Sources */ = {isa = PBXBuildFile; fileRef = 37712E3328BF79A200B9BDD4 /* CalendarDayView.swift */; };
		37A5E2AD28B17E8D00E1E66C /* CalmwellApp.swift in Sources */ = {isa = PBXBuildFile; fileRef = 37A5E2AC28B17E8D00E1E66C /* CalmwellApp.swift */; };
		37A5E2AF28B17E8D00E1E66C /* CalmwellDashboardView.swift in Sources */ = {isa = PBXBuildFile; fileRef = 37A5E2AE28B17E8D00E1E66C /* CalmwellDashboardView.swift */; };
		37A5E2B128B17E9100E1E66C /* Assets.xcassets in Resources */ = {isa = PBXBuildFile; fileRef = 37A5E2B028B17E9100E1E66C /* Assets.xcassets */; };
		37A5E2B428B17E9100E1E66C /* Preview Assets.xcassets in Resources */ = {isa = PBXBuildFile; fileRef = 37A5E2B328B17E9100E1E66C /* Preview Assets.xcassets */; };
/* End PBXBuildFile section */

/* Begin PBXFileReference section */
		37712E1B28BC93EA00B9BDD4 /* RectangleCard.swift */ = {isa = PBXFileReference; lastKnownFileType = sourcecode.swift; path = RectangleCard.swift; sourceTree = "<group>"; };
		37712E1D28BC98DE00B9BDD4 /* QuoteModel.swift */ = {isa = PBXFileReference; lastKnownFileType = sourcecode.swift; path = QuoteModel.swift; sourceTree = "<group>"; };
		37712E1F28BCC2BE00B9BDD4 /* GetStartedView.swift */ = {isa = PBXFileReference; lastKnownFileType = sourcecode.swift; path = GetStartedView.swift; sourceTree = "<group>"; };
		37712E2128BDD74600B9BDD4 /* MenuView.swift */ = {isa = PBXFileReference; lastKnownFileType = sourcecode.swift; path = MenuView.swift; sourceTree = "<group>"; };
		37712E2328BDD7D000B9BDD4 /* BackgroundBlur.swift */ = {isa = PBXFileReference; lastKnownFileType = sourcecode.swift; path = BackgroundBlur.swift; sourceTree = "<group>"; };
		37712E2528BDE38F00B9BDD4 /* CalendarView.swift */ = {isa = PBXFileReference; lastKnownFileType = sourcecode.swift; path = CalendarView.swift; sourceTree = "<group>"; };
		37712E2728BDE39B00B9BDD4 /* TaskManagerView.swift */ = {isa = PBXFileReference; lastKnownFileType = sourcecode.swift; path = TaskManagerView.swift; sourceTree = "<group>"; };
		37712E2928BDE3A600B9BDD4 /* ReminderManagerView.swift */ = {isa = PBXFileReference; lastKnownFileType = sourcecode.swift; path = ReminderManagerView.swift; sourceTree = "<group>"; };
		37712E2B28BDE3B400B9BDD4 /* NotesManagerView.swift */ = {isa = PBXFileReference; lastKnownFileType = sourcecode.swift; path = NotesManagerView.swift; sourceTree = "<group>"; };
		37712E2F28BDE59300B9BDD4 /* DiscoveryView.swift */ = {isa = PBXFileReference; lastKnownFileType = sourcecode.swift; path = DiscoveryView.swift; sourceTree = "<group>"; };
		37712E3128BF798C00B9BDD4 /* CalendarMonthView.swift */ = {isa = PBXFileReference; lastKnownFileType = sourcecode.swift; path = CalendarMonthView.swift; sourceTree = "<group>"; };
		37712E3328BF79A200B9BDD4 /* CalendarDayView.swift */ = {isa = PBXFileReference; lastKnownFileType = sourcecode.swift; path = CalendarDayView.swift; sourceTree = "<group>"; };
		37A5E2A928B17E8D00E1E66C /* Calmwell.app */ = {isa = PBXFileReference; explicitFileType = wrapper.application; includeInIndex = 0; path = Calmwell.app; sourceTree = BUILT_PRODUCTS_DIR; };
		37A5E2AC28B17E8D00E1E66C /* CalmwellApp.swift */ = {isa = PBXFileReference; lastKnownFileType = sourcecode.swift; path = CalmwellApp.swift; sourceTree = "<group>"; };
		37A5E2AE28B17E8D00E1E66C /* CalmwellDashboardView.swift */ = {isa = PBXFileReference; lastKnownFileType = sourcecode.swift; path = CalmwellDashboardView.swift; sourceTree = "<group>"; };
		37A5E2B028B17E9100E1E66C /* Assets.xcassets */ = {isa = PBXFileReference; lastKnownFileType = folder.assetcatalog; path = Assets.xcassets; sourceTree = "<group>"; };
		37A5E2B328B17E9100E1E66C /* Preview Assets.xcassets */ = {isa = PBXFileReference; lastKnownFileType = folder.assetcatalog; path = "Preview Assets.xcassets"; sourceTree = "<group>"; };
/* End PBXFileReference section */

/* Begin PBXFrameworksBuildPhase section */
		37A5E2A628B17E8D00E1E66C /* Frameworks */ = {
			isa = PBXFrameworksBuildPhase;
			buildActionMask = 2147483647;
			files = (
			);
			runOnlyForDeploymentPostprocessing = 0;
		};
/* End PBXFrameworksBuildPhase section */

/* Begin PBXGroup section */
		37712E1728BC92C700B9BDD4 /* Task Manager */ = {
			isa = PBXGroup;
			children = (
				37712E3828C0DC3E00B9BDD4 /* Task Models */,
				37712E2728BDE39B00B9BDD4 /* TaskManagerView.swift */,
			);
			path = "Task Manager";
			sourceTree = "<group>";
		};
		37712E1828BC92D300B9BDD4 /* Notes Manager */ = {
			isa = PBXGroup;
			children = (
				37712E3A28C0DC4D00B9BDD4 /* Notes Models */,
				37712E2B28BDE3B400B9BDD4 /* NotesManagerView.swift */,
			);
			path = "Notes Manager";
			sourceTree = "<group>";
		};
		37712E1928BC92DB00B9BDD4 /* Reminders Manager */ = {
			isa = PBXGroup;
			children = (
				37712E3928C0DC4600B9BDD4 /* Reminder Models */,
				37712E2928BDE3A600B9BDD4 /* ReminderManagerView.swift */,
			);
			path = "Reminders Manager";
			sourceTree = "<group>";
		};
		37712E1A28BC92E100B9BDD4 /* Calendar Manager */ = {
			isa = PBXGroup;
			children = (
				37712E3728C0DC3700B9BDD4 /* Calendar Models */,
				37712E2528BDE38F00B9BDD4 /* CalendarView.swift */,
				37712E3128BF798C00B9BDD4 /* CalendarMonthView.swift */,
				37712E3328BF79A200B9BDD4 /* CalendarDayView.swift */,
			);
			path = "Calendar Manager";
			sourceTree = "<group>";
		};
		37712E3528C0DBE200B9BDD4 /* Discovery View */ = {
			isa = PBXGroup;
			children = (
				37712E2F28BDE59300B9BDD4 /* DiscoveryView.swift */,
			);
			path = "Discovery View";
			sourceTree = "<group>";
		};
		37712E3628C0DBF100B9BDD4 /* Accessory Views */ = {
			isa = PBXGroup;
			children = (
				37712E1B28BC93EA00B9BDD4 /* RectangleCard.swift */,
				37712E2328BDD7D000B9BDD4 /* BackgroundBlur.swift */,
			);
			path = "Accessory Views";
			sourceTree = "<group>";
		};
		37712E3728C0DC3700B9BDD4 /* Calendar Models */ = {
			isa = PBXGroup;
			children = (
			);
			path = "Calendar Models";
			sourceTree = "<group>";
		};
		37712E3828C0DC3E00B9BDD4 /* Task Models */ = {
			isa = PBXGroup;
			children = (
			);
			path = "Task Models";
			sourceTree = "<group>";
		};
		37712E3928C0DC4600B9BDD4 /* Reminder Models */ = {
			isa = PBXGroup;
			children = (
			);
			path = "Reminder Models";
			sourceTree = "<group>";
		};
		37712E3A28C0DC4D00B9BDD4 /* Notes Models */ = {
			isa = PBXGroup;
			children = (
			);
			name = "Notes Models";
			sourceTree = "<group>";
		};
		37A5E2A028B17E8D00E1E66C = {
			isa = PBXGroup;
			children = (
				37A5E2AC28B17E8D00E1E66C /* CalmwellApp.swift */,
				37A5E2AB28B17E8D00E1E66C /* Calmwell */,
				37A5E2AA28B17E8D00E1E66C /* Products */,
			);
			sourceTree = "<group>";
		};
		37A5E2AA28B17E8D00E1E66C /* Products */ = {
			isa = PBXGroup;
			children = (
				37A5E2A928B17E8D00E1E66C /* Calmwell.app */,
			);
			name = Products;
			sourceTree = "<group>";
		};
		37A5E2AB28B17E8D00E1E66C /* Calmwell */ = {
			isa = PBXGroup;
			children = (
				37712E3528C0DBE200B9BDD4 /* Discovery View */,
				37A5E2BA28B17FA700E1E66C /* Views */,
				37712E1A28BC92E100B9BDD4 /* Calendar Manager */,
				37712E1728BC92C700B9BDD4 /* Task Manager */,
				37712E1928BC92DB00B9BDD4 /* Reminders Manager */,
				37712E1828BC92D300B9BDD4 /* Notes Manager */,
				37712E3628C0DBF100B9BDD4 /* Accessory Views */,
				37A5E2B028B17E9100E1E66C /* Assets.xcassets */,
				37A5E2B228B17E9100E1E66C /* Preview Content */,
				37712E1D28BC98DE00B9BDD4 /* QuoteModel.swift */,
			);
			path = Calmwell;
			sourceTree = "<group>";
		};
		37A5E2B228B17E9100E1E66C /* Preview Content */ = {
			isa = PBXGroup;
			children = (
				37A5E2B328B17E9100E1E66C /* Preview Assets.xcassets */,
			);
			path = "Preview Content";
			sourceTree = "<group>";
		};
		37A5E2BA28B17FA700E1E66C /* Views */ = {
			isa = PBXGroup;
			children = (
				37712E1F28BCC2BE00B9BDD4 /* GetStartedView.swift */,
				37A5E2AE28B17E8D00E1E66C /* CalmwellDashboardView.swift */,
				37712E2128BDD74600B9BDD4 /* MenuView.swift */,
			);
			path = Views;
			sourceTree = "<group>";
		};
/* End PBXGroup section */

/* Begin PBXNativeTarget section */
		37A5E2A828B17E8D00E1E66C /* Calmwell */ = {
			isa = PBXNativeTarget;
			buildConfigurationList = 37A5E2B728B17E9100E1E66C /* Build configuration list for PBXNativeTarget "Calmwell" */;
			buildPhases = (
				37A5E2A528B17E8D00E1E66C /* Sources */,
				37A5E2A628B17E8D00E1E66C /* Frameworks */,
				37A5E2A728B17E8D00E1E66C /* Resources */,
			);
			buildRules = (
			);
			dependencies = (
			);
			name = Calmwell;
			productName = Calmwell;
			productReference = 37A5E2A928B17E8D00E1E66C /* Calmwell.app */;
			productType = "com.apple.product-type.application";
		};
/* End PBXNativeTarget section */

/* Begin PBXProject section */
		37A5E2A128B17E8D00E1E66C /* Project object */ = {
			isa = PBXProject;
			attributes = {
				BuildIndependentTargetsInParallel = 1;
				LastSwiftUpdateCheck = 1340;
				LastUpgradeCheck = 1340;
				TargetAttributes = {
					37A5E2A828B17E8D00E1E66C = {
						CreatedOnToolsVersion = 13.4.1;
					};
				};
			};
			buildConfigurationList = 37A5E2A428B17E8D00E1E66C /* Build configuration list for PBXProject "Calmwell" */;
			compatibilityVersion = "Xcode 13.0";
			developmentRegion = en;
			hasScannedForEncodings = 0;
			knownRegions = (
				en,
				Base,
			);
			mainGroup = 37A5E2A028B17E8D00E1E66C;
			productRefGroup = 37A5E2AA28B17E8D00E1E66C /* Products */;
			projectDirPath = "";
			projectRoot = "";
			targets = (
				37A5E2A828B17E8D00E1E66C /* Calmwell */,
			);
		};
/* End PBXProject section */

/* Begin PBXResourcesBuildPhase section */
		37A5E2A728B17E8D00E1E66C /* Resources */ = {
			isa = PBXResourcesBuildPhase;
			buildActionMask = 2147483647;
			files = (
				37A5E2B428B17E9100E1E66C /* Preview Assets.xcassets in Resources */,
				37A5E2B128B17E9100E1E66C /* Assets.xcassets in Resources */,
			);
			runOnlyForDeploymentPostprocessing = 0;
		};
/* End PBXResourcesBuildPhase section */

/* Begin PBXSourcesBuildPhase section */
		37A5E2A528B17E8D00E1E66C /* Sources */ = {
			isa = PBXSourcesBuildPhase;
			buildActionMask = 2147483647;
			files = (
				37712E1C28BC93EA00B9BDD4 /* RectangleCard.swift in Sources */,
				37712E3028BDE59300B9BDD4 /* DiscoveryView.swift in Sources */,
				37712E2428BDD7D000B9BDD4 /* BackgroundBlur.swift in Sources */,
				37712E2628BDE38F00B9BDD4 /* CalendarView.swift in Sources */,
				37712E2228BDD74600B9BDD4 /* MenuView.swift in Sources */,
				37712E2828BDE39B00B9BDD4 /* TaskManagerView.swift in Sources */,
				37A5E2AF28B17E8D00E1E66C /* CalmwellDashboardView.swift in Sources */,
				37712E3428BF79A200B9BDD4 /* CalendarDayView.swift in Sources */,
				37712E2C28BDE3B400B9BDD4 /* NotesManagerView.swift in Sources */,
				37712E1E28BC98DE00B9BDD4 /* QuoteModel.swift in Sources */,
				37A5E2AD28B17E8D00E1E66C /* CalmwellApp.swift in Sources */,
				37712E2A28BDE3A600B9BDD4 /* ReminderManagerView.swift in Sources */,
				37712E2028BCC2BE00B9BDD4 /* GetStartedView.swift in Sources */,
				37712E3228BF798C00B9BDD4 /* CalendarMonthView.swift in Sources */,
			);
			runOnlyForDeploymentPostprocessing = 0;
		};
/* End PBXSourcesBuildPhase section */

/* Begin XCBuildConfiguration section */
		37A5E2B528B17E9100E1E66C /* Debug */ = {
			isa = XCBuildConfiguration;
			buildSettings = {
				ALWAYS_SEARCH_USER_PATHS = NO;
				CLANG_ANALYZER_NONNULL = YES;
				CLANG_ANALYZER_NUMBER_OBJECT_CONVERSION = YES_AGGRESSIVE;
				CLANG_CXX_LANGUAGE_STANDARD = "gnu++17";
				CLANG_ENABLE_MODULES = YES;
				CLANG_ENABLE_OBJC_ARC = YES;
				CLANG_ENABLE_OBJC_WEAK = YES;
				CLANG_WARN_BLOCK_CAPTURE_AUTORELEASING = YES;
				CLANG_WARN_BOOL_CONVERSION = YES;
				CLANG_WARN_COMMA = YES;
				CLANG_WARN_CONSTANT_CONVERSION = YES;
				CLANG_WARN_DEPRECATED_OBJC_IMPLEMENTATIONS = YES;
				CLANG_WARN_DIRECT_OBJC_ISA_USAGE = YES_ERROR;
				CLANG_WARN_DOCUMENTATION_COMMENTS = YES;
				CLANG_WARN_EMPTY_BODY = YES;
				CLANG_WARN_ENUM_CONVERSION = YES;
				CLANG_WARN_INFINITE_RECURSION = YES;
				CLANG_WARN_INT_CONVERSION = YES;
				CLANG_WARN_NON_LITERAL_NULL_CONVERSION = YES;
				CLANG_WARN_OBJC_IMPLICIT_RETAIN_SELF = YES;
				CLANG_WARN_OBJC_LITERAL_CONVERSION = YES;
				CLANG_WARN_OBJC_ROOT_CLASS = YES_ERROR;
				CLANG_WARN_QUOTED_INCLUDE_IN_FRAMEWORK_HEADER = YES;
				CLANG_WARN_RANGE_LOOP_ANALYSIS = YES;
				CLANG_WARN_STRICT_PROTOTYPES = YES;
				CLANG_WARN_SUSPICIOUS_MOVE = YES;
				CLANG_WARN_UNGUARDED_AVAILABILITY = YES_AGGRESSIVE;
				CLANG_WARN_UNREACHABLE_CODE = YES;
				CLANG_WARN__DUPLICATE_METHOD_MATCH = YES;
				COPY_PHASE_STRIP = NO;
				DEBUG_INFORMATION_FORMAT = dwarf;
				ENABLE_STRICT_OBJC_MSGSEND = YES;
				ENABLE_TESTABILITY = YES;
				GCC_C_LANGUAGE_STANDARD = gnu11;
				GCC_DYNAMIC_NO_PIC = NO;
				GCC_NO_COMMON_BLOCKS = YES;
				GCC_OPTIMIZATION_LEVEL = 0;
				GCC_PREPROCESSOR_DEFINITIONS = (
					"DEBUG=1",
					"$(inherited)",
				);
				GCC_WARN_64_TO_32_BIT_CONVERSION = YES;
				GCC_WARN_ABOUT_RETURN_TYPE = YES_ERROR;
				GCC_WARN_UNDECLARED_SELECTOR = YES;
				GCC_WARN_UNINITIALIZED_AUTOS = YES_AGGRESSIVE;
				GCC_WARN_UNUSED_FUNCTION = YES;
				GCC_WARN_UNUSED_VARIABLE = YES;
				IPHONEOS_DEPLOYMENT_TARGET = 15.5;
				MTL_ENABLE_DEBUG_INFO = INCLUDE_SOURCE;
				MTL_FAST_MATH = YES;
				ONLY_ACTIVE_ARCH = YES;
				SDKROOT = iphoneos;
				SWIFT_ACTIVE_COMPILATION_CONDITIONS = DEBUG;
				SWIFT_OPTIMIZATION_LEVEL = "-Onone";
			};
			name = Debug;
		};
		37A5E2B628B17E9100E1E66C /* Release */ = {
			isa = XCBuildConfiguration;
			buildSettings = {
				ALWAYS_SEARCH_USER_PATHS = NO;
				CLANG_ANALYZER_NONNULL = YES;
				CLANG_ANALYZER_NUMBER_OBJECT_CONVERSION = YES_AGGRESSIVE;
				CLANG_CXX_LANGUAGE_STANDARD = "gnu++17";
				CLANG_ENABLE_MODULES = YES;
				CLANG_ENABLE_OBJC_ARC = YES;
				CLANG_ENABLE_OBJC_WEAK = YES;
				CLANG_WARN_BLOCK_CAPTURE_AUTORELEASING = YES;
				CLANG_WARN_BOOL_CONVERSION = YES;
				CLANG_WARN_COMMA = YES;
				CLANG_WARN_CONSTANT_CONVERSION = YES;
				CLANG_WARN_DEPRECATED_OBJC_IMPLEMENTATIONS = YES;
				CLANG_WARN_DIRECT_OBJC_ISA_USAGE = YES_ERROR;
				CLANG_WARN_DOCUMENTATION_COMMENTS = YES;
				CLANG_WARN_EMPTY_BODY = YES;
				CLANG_WARN_ENUM_CONVERSION = YES;
				CLANG_WARN_INFINITE_RECURSION = YES;
				CLANG_WARN_INT_CONVERSION = YES;
				CLANG_WARN_NON_LITERAL_NULL_CONVERSION = YES;
				CLANG_WARN_OBJC_IMPLICIT_RETAIN_SELF = YES;
				CLANG_WARN_OBJC_LITERAL_CONVERSION = YES;
				CLANG_WARN_OBJC_ROOT_CLASS = YES_ERROR;
				CLANG_WARN_QUOTED_INCLUDE_IN_FRAMEWORK_HEADER = YES;
				CLANG_WARN_RANGE_LOOP_ANALYSIS = YES;
				CLANG_WARN_STRICT_PROTOTYPES = YES;
				CLANG_WARN_SUSPICIOUS_MOVE = YES;
				CLANG_WARN_UNGUARDED_AVAILABILITY = YES_AGGRESSIVE;
				CLANG_WARN_UNREACHABLE_CODE = YES;
				CLANG_WARN__DUPLICATE_METHOD_MATCH = YES;
				COPY_PHASE_STRIP = NO;
				DEBUG_INFORMATION_FORMAT = "dwarf-with-dsym";
				ENABLE_NS_ASSERTIONS = NO;
				ENABLE_STRICT_OBJC_MSGSEND = YES;
				GCC_C_LANGUAGE_STANDARD = gnu11;
				GCC_NO_COMMON_BLOCKS = YES;
				GCC_WARN_64_TO_32_BIT_CONVERSION = YES;
				GCC_WARN_ABOUT_RETURN_TYPE = YES_ERROR;
				GCC_WARN_UNDECLARED_SELECTOR = YES;
				GCC_WARN_UNINITIALIZED_AUTOS = YES_AGGRESSIVE;
				GCC_WARN_UNUSED_FUNCTION = YES;
				GCC_WARN_UNUSED_VARIABLE = YES;
				IPHONEOS_DEPLOYMENT_TARGET = 15.5;
				MTL_ENABLE_DEBUG_INFO = NO;
				MTL_FAST_MATH = YES;
				SDKROOT = iphoneos;
				SWIFT_COMPILATION_MODE = wholemodule;
				SWIFT_OPTIMIZATION_LEVEL = "-O";
				VALIDATE_PRODUCT = YES;
			};
			name = Release;
		};
		37A5E2B828B17E9100E1E66C /* Debug */ = {
			isa = XCBuildConfiguration;
			buildSettings = {
				ASSETCATALOG_COMPILER_APPICON_NAME = AppIcon;
				ASSETCATALOG_COMPILER_GLOBAL_ACCENT_COLOR_NAME = AccentColor;
				CODE_SIGN_STYLE = Automatic;
				CURRENT_PROJECT_VERSION = 1;
				DEVELOPMENT_ASSET_PATHS = "\"Calmwell/Preview Content\"";
				DEVELOPMENT_TEAM = 4TGXD2225M;
				ENABLE_PREVIEWS = YES;
				GENERATE_INFOPLIST_FILE = YES;
				INFOPLIST_KEY_UIApplicationSceneManifest_Generation = YES;
				INFOPLIST_KEY_UIApplicationSupportsIndirectInputEvents = YES;
				INFOPLIST_KEY_UILaunchScreen_Generation = YES;
				INFOPLIST_KEY_UISupportedInterfaceOrientations_iPad = "UIInterfaceOrientationPortrait UIInterfaceOrientationPortraitUpsideDown UIInterfaceOrientationLandscapeLeft UIInterfaceOrientationLandscapeRight";
				INFOPLIST_KEY_UISupportedInterfaceOrientations_iPhone = "UIInterfaceOrientationPortrait UIInterfaceOrientationLandscapeLeft UIInterfaceOrientationLandscapeRight";
				LD_RUNPATH_SEARCH_PATHS = (
					"$(inherited)",
					"@executable_path/Frameworks",
				);
				MARKETING_VERSION = 1.0;
				PRODUCT_BUNDLE_IDENTIFIER = io.webosaur.Calmwell;
				PRODUCT_NAME = "$(TARGET_NAME)";
				SWIFT_EMIT_LOC_STRINGS = YES;
				SWIFT_VERSION = 5.0;
				TARGETED_DEVICE_FAMILY = "1,2";
			};
			name = Debug;
		};
		37A5E2B928B17E9100E1E66C /* Release */ = {
			isa = XCBuildConfiguration;
			buildSettings = {
				ASSETCATALOG_COMPILER_APPICON_NAME = AppIcon;
				ASSETCATALOG_COMPILER_GLOBAL_ACCENT_COLOR_NAME = AccentColor;
				CODE_SIGN_STYLE = Automatic;
				CURRENT_PROJECT_VERSION = 1;
				DEVELOPMENT_ASSET_PATHS = "\"Calmwell/Preview Content\"";
				DEVELOPMENT_TEAM = 4TGXD2225M;
				ENABLE_PREVIEWS = YES;
				GENERATE_INFOPLIST_FILE = YES;
				INFOPLIST_KEY_UIApplicationSceneManifest_Generation = YES;
				INFOPLIST_KEY_UIApplicationSupportsIndirectInputEvents = YES;
				INFOPLIST_KEY_UILaunchScreen_Generation = YES;
				INFOPLIST_KEY_UISupportedInterfaceOrientations_iPad = "UIInterfaceOrientationPortrait UIInterfaceOrientationPortraitUpsideDown UIInterfaceOrientationLandscapeLeft UIInterfaceOrientationLandscapeRight";
				INFOPLIST_KEY_UISupportedInterfaceOrientations_iPhone = "UIInterfaceOrientationPortrait UIInterfaceOrientationLandscapeLeft UIInterfaceOrientationLandscapeRight";
				LD_RUNPATH_SEARCH_PATHS = (
					"$(inherited)",
					"@executable_path/Frameworks",
				);
				MARKETING_VERSION = 1.0;
				PRODUCT_BUNDLE_IDENTIFIER = io.webosaur.Calmwell;
				PRODUCT_NAME = "$(TARGET_NAME)";
				SWIFT_EMIT_LOC_STRINGS = YES;
				SWIFT_VERSION = 5.0;
				TARGETED_DEVICE_FAMILY = "1,2";
			};
			name = Release;
		};
/* End XCBuildConfiguration section */

/* Begin XCConfigurationList section */
		37A5E2A428B17E8D00E1E66C /* Build configuration list for PBXProject "Calmwell" */ = {
			isa = XCConfigurationList;
			buildConfigurations = (
				37A5E2B528B17E9100E1E66C /* Debug */,
				37A5E2B628B17E9100E1E66C /* Release */,
			);
			defaultConfigurationIsVisible = 0;
			defaultConfigurationName = Release;
		};
		37A5E2B728B17E9100E1E66C /* Build configuration list for PBXNativeTarget "Calmwell" */ = {
			isa = XCConfigurationList;
			buildConfigurations = (
				37A5E2B828B17E9100E1E66C /* Debug */,
				37A5E2B928B17E9100E1E66C /* Release */,
			);
			defaultConfigurationIsVisible = 0;
			defaultConfigurationName = Release;
		};
/* End XCConfigurationList section */
	};
	rootObject = 37A5E2A128B17E8D00E1E66C /* Project object */;
}
